
Microsoft Visual Studio Solution File, Format Version 12.00
# Visual Studio 2013
VisualStudioVersion = 12.0.31101.0
MinimumVisualStudioVersion = 10.0.40219.1
Project("{2150E333-8FDC-42A3-9474-1A3956D46DE8}") = "Experiments", "Experiments", "{F46A9D3C-A01C-4D07-BFE8-D7C371DD1700}"
	ProjectSection(SolutionItems) = preProject
		fibonacci_port.fsx = fibonacci_port.fsx
		pq.fsi = pq.fsi
		priorityqueue_speed_test.fsx = priorityqueue_speed_test.fsx
		weighted_graph.fsx = weighted_graph.fsx
	EndProjectSection
EndProject
Project("{F2A71F9B-5D33-465A-A702-920D77279786}") = "prelude", "prelude\prelude.fsproj", "{8D93FCAF-EFD3-48C4-96CB-AE9DE845ADD6}"
EndProject
Global
	GlobalSection(SolutionConfigurationPlatforms) = preSolution
		Debug|Any CPU = Debug|Any CPU
		Release|Any CPU = Release|Any CPU
	EndGlobalSection
	GlobalSection(ProjectConfigurationPlatforms) = postSolution
		{8D93FCAF-EFD3-48C4-96CB-AE9DE845ADD6}.Debug|Any CPU.ActiveCfg = Debug|Any CPU
		{8D93FCAF-EFD3-48C4-96CB-AE9DE845ADD6}.Debug|Any CPU.Build.0 = Debug|Any CPU
		{8D93FCAF-EFD3-48C4-96CB-AE9DE845ADD6}.Release|Any CPU.ActiveCfg = Release|Any CPU
		{8D93FCAF-EFD3-48C4-96CB-AE9DE845ADD6}.Release|Any CPU.Build.0 = Release|Any CPU
	EndGlobalSection
	GlobalSection(SolutionProperties) = preSolution
		HideSolutionNode = FALSE
	EndGlobalSection
EndGlobal
